
Microsoft Visual Studio Solution File, Format Version 11.00
# Visual Studio 2010
Project("{FAE04EC0-301F-11D3-BF4B-00C04F79EFBC}") = "UnityEngine.UI", "UnityEngine.UI.csproj", "{6a989fdf-335f-b8da-ae62-2909989e36cb}"
EndProject
Project("{FAE04EC0-301F-11D3-BF4B-00C04F79EFBC}") = "Unity.RenderPipelines.Core.Runtime", "Unity.RenderPipelines.Core.Runtime.csproj", "{8399e881-e476-04a3-ed6d-e86a115fe494}"
EndProject
Project("{FAE04EC0-301F-11D3-BF4B-00C04F79EFBC}") = "UnityEngine.TestRunner", "UnityEngine.TestRunner.csproj", "{d26903e5-aa83-30dc-ba93-dbc508c533e6}"
EndProject
Project("{FAE04EC0-301F-11D3-BF4B-00C04F79EFBC}") = "Unity.VisualScripting.Flow", "Unity.VisualScripting.Flow.csproj", "{b4528f87-9b6c-13fb-4246-51f22e782e02}"
EndProject
Project("{FAE04EC0-301F-11D3-BF4B-00C04F79EFBC}") = "Unity.Mathematics", "Unity.Mathematics.csproj", "{7c8af63a-84e9-1cdf-1383-83952d6b5181}"
EndProject
Project("{FAE04EC0-301F-11D3-BF4B-00C04F79EFBC}") = "Unity.Services.Core.Telemetry", "Unity.Services.Core.Telemetry.csproj", "{1fa230c0-5aaa-c65a-d089-78018f71f830}"
EndProject
Project("{FAE04EC0-301F-11D3-BF4B-00C04F79EFBC}") = "Unity.VisualScripting.State", "Unity.VisualScripting.State.csproj", "{27719a0d-240b-2f87-5647-79b4d1f2c0b0}"
EndProject
Project("{FAE04EC0-301F-11D3-BF4B-00C04F79EFBC}") = "Unity.VisualScripting.Core", "Unity.VisualScripting.Core.csproj", "{6259b54f-680f-afa4-91c6-ff8801b9bada}"
EndProject
Project("{FAE04EC0-301F-11D3-BF4B-00C04F79EFBC}") = "Unity.RenderPipelines.Universal.Runtime", "Unity.RenderPipelines.Universal.Runtime.csproj", "{aeb9ad7a-f3ee-c724-165b-619c172e3c1d}"
EndProject
Project("{FAE04EC0-301F-11D3-BF4B-00C04F79EFBC}") = "Unity.Services.Core.Environments.Internal", "Unity.Services.Core.Environments.Internal.csproj", "{0ff15dc8-cfa7-e189-78a8-ee9c59e0cfb6}"
EndProject
Project("{FAE04EC0-301F-11D3-BF4B-00C04F79EFBC}") = "Unity.Burst", "Unity.Burst.csproj", "{4dcdb7f8-4764-175b-0199-f67cb54974ac}"
EndProject
Project("{FAE04EC0-301F-11D3-BF4B-00C04F79EFBC}") = "Unity.2D.Animation.Runtime", "Unity.2D.Animation.Runtime.csproj", "{c0bfe513-e49f-529e-9eb9-9a4aba08cd42}"
EndProject
Project("{FAE04EC0-301F-11D3-BF4B-00C04F79EFBC}") = "Unity.TextMeshPro", "Unity.TextMeshPro.csproj", "{96d0e776-ac2e-b4fa-5847-7476d7cf7b60}"
EndProject
Project("{FAE04EC0-301F-11D3-BF4B-00C04F79EFBC}") = "Unity.Timeline", "Unity.Timeline.csproj", "{3c1756b5-4bef-de4d-18bf-5f981dbca89c}"
EndProject
Project("{FAE04EC0-301F-11D3-BF4B-00C04F79EFBC}") = "Unity.RenderPipeline.Universal.ShaderLibrary", "Unity.RenderPipeline.Universal.ShaderLibrary.csproj", "{d83f7ed5-cc1a-dabb-fe4a-6c6334eaad4b}"
EndProject
Project("{FAE04EC0-301F-11D3-BF4B-00C04F79EFBC}") = "Unity.Services.Core.Environments", "Unity.Services.Core.Environments.csproj", "{79a85a4a-b08e-0ec1-521d-051ac0940e6c}"
EndProject
Project("{FAE04EC0-301F-11D3-BF4B-00C04F79EFBC}") = "Unity.Services.Core.Internal", "Unity.Services.Core.Internal.csproj", "{e3de2285-a420-149b-0cef-382dc0c9f325}"
EndProject
Project("{FAE04EC0-301F-11D3-BF4B-00C04F79EFBC}") = "Unity.Services.Core.Analytics", "Unity.Services.Core.Analytics.csproj", "{d45075b2-3939-717a-d90e-8febf49688c6}"
EndProject
Project("{FAE04EC0-301F-11D3-BF4B-00C04F79EFBC}") = "Unity.2D.SpriteShape.Runtime", "Unity.2D.SpriteShape.Runtime.csproj", "{69d5d4b5-553c-78bd-1e7c-474e695d4e65}"
EndProject
Project("{FAE04EC0-301F-11D3-BF4B-00C04F79EFBC}") = "Unity.Services.Core.Scheduler", "Unity.Services.Core.Scheduler.csproj", "{94c8e0ff-561c-d914-6834-ff486a7de26f}"
EndProject
Project("{FAE04EC0-301F-11D3-BF4B-00C04F79EFBC}") = "Unity.Services.Core.Registration", "Unity.Services.Core.Registration.csproj", "{784e6104-aec5-51c0-c2ad-720f429d3b32}"
EndProject
Project("{FAE04EC0-301F-11D3-BF4B-00C04F79EFBC}") = "Unity.2D.PixelPerfect", "Unity.2D.PixelPerfect.csproj", "{aa92e21e-094c-eede-8c8e-74e35a18e96a}"
EndProject
Project("{FAE04EC0-301F-11D3-BF4B-00C04F79EFBC}") = "Unity.2D.Common.Runtime", "Unity.2D.Common.Runtime.csproj", "{700feaa6-b814-cf4b-908d-2dff11b3bf33}"
EndProject
Project("{FAE04EC0-301F-11D3-BF4B-00C04F79EFBC}") = "Unity.2D.IK.Runtime", "Unity.2D.IK.Runtime.csproj", "{b20e271a-4ba1-2447-ab42-199fee3f63fe}"
EndProject
Project("{FAE04EC0-301F-11D3-BF4B-00C04F79EFBC}") = "Unity.Services.Core.Device", "Unity.Services.Core.Device.csproj", "{7db9986e-9456-4711-0fd4-118c0962217f}"
EndProject
Project("{FAE04EC0-301F-11D3-BF4B-00C04F79EFBC}") = "Unity.Services.Core.Threading", "Unity.Services.Core.Threading.csproj", "{28540a17-3ecc-f1a7-e75b-86046532b91c}"
EndProject
Project("{FAE04EC0-301F-11D3-BF4B-00C04F79EFBC}") = "Unity.2D.Tilemap.Extras", "Unity.2D.Tilemap.Extras.csproj", "{38831682-688e-2276-d403-8d5e4e0f27f9}"
EndProject
Project("{FAE04EC0-301F-11D3-BF4B-00C04F79EFBC}") = "Unity.Services.Core.Networking", "Unity.Services.Core.Networking.csproj", "{2d35649c-a002-e7c0-5cdd-2bae65189c58}"
EndProject
Project("{FAE04EC0-301F-11D3-BF4B-00C04F79EFBC}") = "Unity.Services.Core", "Unity.Services.Core.csproj", "{2dc6b505-46cf-9312-b6f7-3d81c63120d2}"
EndProject
Project("{FAE04EC0-301F-11D3-BF4B-00C04F79EFBC}") = "Unity.RenderPipelines.Core.ShaderLibrary", "Unity.RenderPipelines.Core.ShaderLibrary.csproj", "{89d52236-b27e-9272-b41e-0a305915e7dc}"
EndProject
Project("{FAE04EC0-301F-11D3-BF4B-00C04F79EFBC}") = "Unity.InternalAPIEngineBridge.001", "Unity.InternalAPIEngineBridge.001.csproj", "{22bbbf78-ec3b-560b-dd69-7cfd2340ff2a}"
EndProject
Project("{FAE04EC0-301F-11D3-BF4B-00C04F79EFBC}") = "Unity.Services.Core.Configuration", "Unity.Services.Core.Configuration.csproj", "{889047ea-3dd0-0472-c4db-4030722de89f}"
EndProject
Project("{FAE04EC0-301F-11D3-BF4B-00C04F79EFBC}") = "Unity.RenderPipelines.Universal.Shaders", "Unity.RenderPipelines.Universal.Shaders.csproj", "{85728c65-36db-ccbb-7c37-a6b3c360d9b3}"
EndProject
Project("{FAE04EC0-301F-11D3-BF4B-00C04F79EFBC}") = "Unity.RenderPipelines.ShaderGraph.ShaderGraphLibrary", "Unity.RenderPipelines.ShaderGraph.ShaderGraphLibrary.csproj", "{c70f9532-86c4-cb5d-2cfd-046a8bed159a}"
EndProject
Project("{FAE04EC0-301F-11D3-BF4B-00C04F79EFBC}") = "Assembly-CSharp", "Assembly-CSharp.csproj", "{44b39908-df65-ccb6-e4bd-5cd0b83bf0e0}"
EndProject
Project("{FAE04EC0-301F-11D3-BF4B-00C04F79EFBC}") = "Unity.PlasticSCM.Editor", "Unity.PlasticSCM.Editor.csproj", "{b83f967b-d1a7-4467-3b3d-e5f2c955e541}"
EndProject
Project("{FAE04EC0-301F-11D3-BF4B-00C04F79EFBC}") = "Unity.VisualScripting.Core.Editor", "Unity.VisualScripting.Core.Editor.csproj", "{a83bb903-3fb5-8e8e-01e7-c90f0a52d954}"
EndProject
Project("{FAE04EC0-301F-11D3-BF4B-00C04F79EFBC}") = "Unity.VisualScripting.Flow.Editor", "Unity.VisualScripting.Flow.Editor.csproj", "{241b2a2e-f683-80a9-34ed-1988c9825bcb}"
EndProject
Project("{FAE04EC0-301F-11D3-BF4B-00C04F79EFBC}") = "Unity.ShaderGraph.Editor", "Unity.ShaderGraph.Editor.csproj", "{36b9f30d-3812-1d5c-2dbe-59591074a36c}"
EndProject
Project("{FAE04EC0-301F-11D3-BF4B-00C04F79EFBC}") = "Unity.VisualStudio.Editor", "Unity.VisualStudio.Editor.csproj", "{e5393567-fbca-926e-82b7-2cf30038ad0f}"
EndProject
Project("{FAE04EC0-301F-11D3-BF4B-00C04F79EFBC}") = "Unity.Timeline.Editor", "Unity.Timeline.Editor.csproj", "{bee5830b-6a86-444f-730f-aec11fdd92e1}"
EndProject
Project("{FAE04EC0-301F-11D3-BF4B-00C04F79EFBC}") = "Unity.RenderPipelines.Universal.Editor", "Unity.RenderPipelines.Universal.Editor.csproj", "{d9320f90-a12a-1fcf-7ada-080f62b7c299}"
EndProject
Project("{FAE04EC0-301F-11D3-BF4B-00C04F79EFBC}") = "Unity.VisualScripting.State.Editor", "Unity.VisualScripting.State.Editor.csproj", "{6c7a7c70-fc29-e2b3-7614-f8fcb339b5f6}"
EndProject
Project("{FAE04EC0-301F-11D3-BF4B-00C04F79EFBC}") = "Unity.TextMeshPro.Editor", "Unity.TextMeshPro.Editor.csproj", "{c9ee5536-d998-ab49-1214-3324c283e772}"
EndProject
Project("{FAE04EC0-301F-11D3-BF4B-00C04F79EFBC}") = "Unity.RenderPipelines.Core.Editor", "Unity.RenderPipelines.Core.Editor.csproj", "{ee5a914a-fcb9-2bc9-fdf4-5f22e1bef93e}"
EndProject
Project("{FAE04EC0-301F-11D3-BF4B-00C04F79EFBC}") = "Unity.2D.Animation.Editor", "Unity.2D.Animation.Editor.csproj", "{5b7f3392-7881-50fc-ab74-8bd983890d54}"
EndProject
Project("{FAE04EC0-301F-11D3-BF4B-00C04F79EFBC}") = "Unity.VisualScripting.SettingsProvider.Editor", "Unity.VisualScripting.SettingsProvider.Editor.csproj", "{2965cf87-330c-bfa8-9ee1-b92a70cf780b}"
EndProject
Project("{FAE04EC0-301F-11D3-BF4B-00C04F79EFBC}") = "Unity.CollabProxy.Editor", "Unity.CollabProxy.Editor.csproj", "{4bd3c28b-a85e-50de-b6fc-95a9798df384}"
EndProject
Project("{FAE04EC0-301F-11D3-BF4B-00C04F79EFBC}") = "UnityEditor.TestRunner", "UnityEditor.TestRunner.csproj", "{697ce839-2875-2b22-68a0-c13f7b6b92d1}"
EndProject
Project("{FAE04EC0-301F-11D3-BF4B-00C04F79EFBC}") = "Unity.Services.Core.Editor", "Unity.Services.Core.Editor.csproj", "{084e0a14-05ef-3b50-f2ad-cb1cb0936aba}"
EndProject
Project("{FAE04EC0-301F-11D3-BF4B-00C04F79EFBC}") = "Unity.2D.Tilemap.Editor", "Unity.2D.Tilemap.Editor.csproj", "{78b7ac42-7921-1f25-b393-5bf5d89a2402}"
EndProject
Project("{FAE04EC0-301F-11D3-BF4B-00C04F79EFBC}") = "Unity.Rider.Editor", "Unity.Rider.Editor.csproj", "{03ce5854-5eb4-0710-b5ab-d844f769a7bd}"
EndProject
Project("{FAE04EC0-301F-11D3-BF4B-00C04F79EFBC}") = "Unity.2D.Path.Editor", "Unity.2D.Path.Editor.csproj", "{4cd96d1a-8b6c-abc5-c3f1-8996698deedd}"
EndProject
Project("{FAE04EC0-301F-11D3-BF4B-00C04F79EFBC}") = "PsdPlugin", "PsdPlugin.csproj", "{9cca3d9e-c5d0-1a1c-59ef-f3e6eab42fc4}"
EndProject
Project("{FAE04EC0-301F-11D3-BF4B-00C04F79EFBC}") = "Unity.Searcher.Editor", "Unity.Searcher.Editor.csproj", "{53b03d9a-94f3-1566-683e-da4c5e810abc}"
EndProject
Project("{FAE04EC0-301F-11D3-BF4B-00C04F79EFBC}") = "Unity.2D.IK.Editor", "Unity.2D.IK.Editor.csproj", "{226c26c3-c80a-f576-bc56-82aedf67c4f4}"
EndProject
Project("{FAE04EC0-301F-11D3-BF4B-00C04F79EFBC}") = "Unity.2D.SpriteShape.Editor", "Unity.2D.SpriteShape.Editor.csproj", "{51e640b8-6c78-979a-1142-01bc264ed5d8}"
EndProject
Project("{FAE04EC0-301F-11D3-BF4B-00C04F79EFBC}") = "Unity.2D.Psdimporter.Editor", "Unity.2D.Psdimporter.Editor.csproj", "{ab93ce31-84e6-285d-1b05-d99c867da8b9}"
EndProject
Project("{FAE04EC0-301F-11D3-BF4B-00C04F79EFBC}") = "Unity.Burst.CodeGen", "Unity.Burst.CodeGen.csproj", "{fc4fcedb-7deb-dd4f-7cc7-8de164d4f715}"
EndProject
Project("{FAE04EC0-301F-11D3-BF4B-00C04F79EFBC}") = "Unity.2D.PixelPerfect.Editor", "Unity.2D.PixelPerfect.Editor.csproj", "{12bb8fe7-c49e-bf3c-9a91-a4772221408a}"
EndProject
Project("{FAE04EC0-301F-11D3-BF4B-00C04F79EFBC}") = "Unity.VSCode.Editor", "Unity.VSCode.Editor.csproj", "{0f05d5ec-88f6-49ad-cc8e-c7c0a94e057d}"
EndProject
Project("{FAE04EC0-301F-11D3-BF4B-00C04F79EFBC}") = "Unity.2D.Sprite.Editor", "Unity.2D.Sprite.Editor.csproj", "{f567d13f-0eb9-1551-9d3e-8aad2bbf4cd5}"
EndProject
Project("{FAE04EC0-301F-11D3-BF4B-00C04F79EFBC}") = "UnityEditor.UI", "UnityEditor.UI.csproj", "{323bddb0-067c-c7a7-806c-06e5d5b3da4a}"
EndProject
Project("{FAE04EC0-301F-11D3-BF4B-00C04F79EFBC}") = "PPv2URPConverters", "PPv2URPConverters.csproj", "{323b4896-6ea8-0ded-da28-fa66a8a48a46}"
EndProject
Project("{FAE04EC0-301F-11D3-BF4B-00C04F79EFBC}") = "Unity.2D.Common.Editor", "Unity.2D.Common.Editor.csproj", "{b3bf1393-aaba-0e60-e505-38d336f721e7}"
EndProject
Project("{FAE04EC0-301F-11D3-BF4B-00C04F79EFBC}") = "Unity.Mathematics.Editor", "Unity.Mathematics.Editor.csproj", "{1dc45bb3-6e81-21d4-6568-39bf33bfa05f}"
EndProject
Project("{FAE04EC0-301F-11D3-BF4B-00C04F79EFBC}") = "Unity.Services.Core.Configuration.Editor", "Unity.Services.Core.Configuration.Editor.csproj", "{3413bbea-56fa-5199-1b07-23e758c96af1}"
EndProject
Project("{FAE04EC0-301F-11D3-BF4B-00C04F79EFBC}") = "Unity.2D.Tilemap.Extras.Editor", "Unity.2D.Tilemap.Extras.Editor.csproj", "{2e037d73-8e5e-7da6-5539-7eea2fdb9350}"
EndProject
Project("{FAE04EC0-301F-11D3-BF4B-00C04F79EFBC}") = "Unity.Burst.Editor", "Unity.Burst.Editor.csproj", "{394246fd-01d2-372d-f869-ad66d1e0a549}"
EndProject
Project("{FAE04EC0-301F-11D3-BF4B-00C04F79EFBC}") = "Unity.InternalAPIEditorBridge.001", "Unity.InternalAPIEditorBridge.001.csproj", "{7c64b1a9-c417-fa8e-eb69-0fa126097c0c}"
EndProject
Project("{FAE04EC0-301F-11D3-BF4B-00C04F79EFBC}") = "Unity.ShaderGraph.Utilities", "Unity.ShaderGraph.Utilities.csproj", "{37a1f799-214f-f8bd-c168-95d8a15df084}"
EndProject
Project("{FAE04EC0-301F-11D3-BF4B-00C04F79EFBC}") = "Unity.VisualScripting.Shared.Editor", "Unity.VisualScripting.Shared.Editor.csproj", "{458c979f-a0ac-f3ab-d424-e7036f00943a}"
EndProject
Global
	GlobalSection(SolutionConfigurationPlatforms) = preSolution
		Debug|Any CPU = Debug|Any CPU
	EndGlobalSection
	GlobalSection(ProjectConfigurationPlatforms) = postSolution
		{6a989fdf-335f-b8da-ae62-2909989e36cb}.Debug|Any CPU.ActiveCfg = Debug|Any CPU
		{6a989fdf-335f-b8da-ae62-2909989e36cb}.Debug|Any CPU.Build.0 = Debug|Any CPU
		{8399e881-e476-04a3-ed6d-e86a115fe494}.Debug|Any CPU.ActiveCfg = Debug|Any CPU
		{8399e881-e476-04a3-ed6d-e86a115fe494}.Debug|Any CPU.Build.0 = Debug|Any CPU
		{d26903e5-aa83-30dc-ba93-dbc508c533e6}.Debug|Any CPU.ActiveCfg = Debug|Any CPU
		{d26903e5-aa83-30dc-ba93-dbc508c533e6}.Debug|Any CPU.Build.0 = Debug|Any CPU
		{b4528f87-9b6c-13fb-4246-51f22e782e02}.Debug|Any CPU.ActiveCfg = Debug|Any CPU
		{b4528f87-9b6c-13fb-4246-51f22e782e02}.Debug|Any CPU.Build.0 = Debug|Any CPU
		{7c8af63a-84e9-1cdf-1383-83952d6b5181}.Debug|Any CPU.ActiveCfg = Debug|Any CPU
		{7c8af63a-84e9-1cdf-1383-83952d6b5181}.Debug|Any CPU.Build.0 = Debug|Any CPU
		{1fa230c0-5aaa-c65a-d089-78018f71f830}.Debug|Any CPU.ActiveCfg = Debug|Any CPU
		{1fa230c0-5aaa-c65a-d089-78018f71f830}.Debug|Any CPU.Build.0 = Debug|Any CPU
		{27719a0d-240b-2f87-5647-79b4d1f2c0b0}.Debug|Any CPU.ActiveCfg = Debug|Any CPU
		{27719a0d-240b-2f87-5647-79b4d1f2c0b0}.Debug|Any CPU.Build.0 = Debug|Any CPU
		{6259b54f-680f-afa4-91c6-ff8801b9bada}.Debug|Any CPU.ActiveCfg = Debug|Any CPU
		{6259b54f-680f-afa4-91c6-ff8801b9bada}.Debug|Any CPU.Build.0 = Debug|Any CPU
		{aeb9ad7a-f3ee-c724-165b-619c172e3c1d}.Debug|Any CPU.ActiveCfg = Debug|Any CPU
		{aeb9ad7a-f3ee-c724-165b-619c172e3c1d}.Debug|Any CPU.Build.0 = Debug|Any CPU
		{0ff15dc8-cfa7-e189-78a8-ee9c59e0cfb6}.Debug|Any CPU.ActiveCfg = Debug|Any CPU
		{0ff15dc8-cfa7-e189-78a8-ee9c59e0cfb6}.Debug|Any CPU.Build.0 = Debug|Any CPU
		{4dcdb7f8-4764-175b-0199-f67cb54974ac}.Debug|Any CPU.ActiveCfg = Debug|Any CPU
		{4dcdb7f8-4764-175b-0199-f67cb54974ac}.Debug|Any CPU.Build.0 = Debug|Any CPU
		{c0bfe513-e49f-529e-9eb9-9a4aba08cd42}.Debug|Any CPU.ActiveCfg = Debug|Any CPU
		{c0bfe513-e49f-529e-9eb9-9a4aba08cd42}.Debug|Any CPU.Build.0 = Debug|Any CPU
		{96d0e776-ac2e-b4fa-5847-7476d7cf7b60}.Debug|Any CPU.ActiveCfg = Debug|Any CPU
		{96d0e776-ac2e-b4fa-5847-7476d7cf7b60}.Debug|Any CPU.Build.0 = Debug|Any CPU
		{3c1756b5-4bef-de4d-18bf-5f981dbca89c}.Debug|Any CPU.ActiveCfg = Debug|Any CPU
		{3c1756b5-4bef-de4d-18bf-5f981dbca89c}.Debug|Any CPU.Build.0 = Debug|Any CPU
		{d83f7ed5-cc1a-dabb-fe4a-6c6334eaad4b}.Debug|Any CPU.ActiveCfg = Debug|Any CPU
		{d83f7ed5-cc1a-dabb-fe4a-6c6334eaad4b}.Debug|Any CPU.Build.0 = Debug|Any CPU
		{79a85a4a-b08e-0ec1-521d-051ac0940e6c}.Debug|Any CPU.ActiveCfg = Debug|Any CPU
		{79a85a4a-b08e-0ec1-521d-051ac0940e6c}.Debug|Any CPU.Build.0 = Debug|Any CPU
		{e3de2285-a420-149b-0cef-382dc0c9f325}.Debug|Any CPU.ActiveCfg = Debug|Any CPU
		{e3de2285-a420-149b-0cef-382dc0c9f325}.Debug|Any CPU.Build.0 = Debug|Any CPU
		{d45075b2-3939-717a-d90e-8febf49688c6}.Debug|Any CPU.ActiveCfg = Debug|Any CPU
		{d45075b2-3939-717a-d90e-8febf49688c6}.Debug|Any CPU.Build.0 = Debug|Any CPU
		{69d5d4b5-553c-78bd-1e7c-474e695d4e65}.Debug|Any CPU.ActiveCfg = Debug|Any CPU
		{69d5d4b5-553c-78bd-1e7c-474e695d4e65}.Debug|Any CPU.Build.0 = Debug|Any CPU
		{94c8e0ff-561c-d914-6834-ff486a7de26f}.Debug|Any CPU.ActiveCfg = Debug|Any CPU
		{94c8e0ff-561c-d914-6834-ff486a7de26f}.Debug|Any CPU.Build.0 = Debug|Any CPU
		{784e6104-aec5-51c0-c2ad-720f429d3b32}.Debug|Any CPU.ActiveCfg = Debug|Any CPU
		{784e6104-aec5-51c0-c2ad-720f429d3b32}.Debug|Any CPU.Build.0 = Debug|Any CPU
		{aa92e21e-094c-eede-8c8e-74e35a18e96a}.Debug|Any CPU.ActiveCfg = Debug|Any CPU
		{aa92e21e-094c-eede-8c8e-74e35a18e96a}.Debug|Any CPU.Build.0 = Debug|Any CPU
		{700feaa6-b814-cf4b-908d-2dff11b3bf33}.Debug|Any CPU.ActiveCfg = Debug|Any CPU
		{700feaa6-b814-cf4b-908d-2dff11b3bf33}.Debug|Any CPU.Build.0 = Debug|Any CPU
		{b20e271a-4ba1-2447-ab42-199fee3f63fe}.Debug|Any CPU.ActiveCfg = Debug|Any CPU
		{b20e271a-4ba1-2447-ab42-199fee3f63fe}.Debug|Any CPU.Build.0 = Debug|Any CPU
		{7db9986e-9456-4711-0fd4-118c0962217f}.Debug|Any CPU.ActiveCfg = Debug|Any CPU
		{7db9986e-9456-4711-0fd4-118c0962217f}.Debug|Any CPU.Build.0 = Debug|Any CPU
		{28540a17-3ecc-f1a7-e75b-86046532b91c}.Debug|Any CPU.ActiveCfg = Debug|Any CPU
		{28540a17-3ecc-f1a7-e75b-86046532b91c}.Debug|Any CPU.Build.0 = Debug|Any CPU
		{38831682-688e-2276-d403-8d5e4e0f27f9}.Debug|Any CPU.ActiveCfg = Debug|Any CPU
		{38831682-688e-2276-d403-8d5e4e0f27f9}.Debug|Any CPU.Build.0 = Debug|Any CPU
		{2d35649c-a002-e7c0-5cdd-2bae65189c58}.Debug|Any CPU.ActiveCfg = Debug|Any CPU
		{2d35649c-a002-e7c0-5cdd-2bae65189c58}.Debug|Any CPU.Build.0 = Debug|Any CPU
		{2dc6b505-46cf-9312-b6f7-3d81c63120d2}.Debug|Any CPU.ActiveCfg = Debug|Any CPU
		{2dc6b505-46cf-9312-b6f7-3d81c63120d2}.Debug|Any CPU.Build.0 = Debug|Any CPU
		{89d52236-b27e-9272-b41e-0a305915e7dc}.Debug|Any CPU.ActiveCfg = Debug|Any CPU
		{89d52236-b27e-9272-b41e-0a305915e7dc}.Debug|Any CPU.Build.0 = Debug|Any CPU
		{22bbbf78-ec3b-560b-dd69-7cfd2340ff2a}.Debug|Any CPU.ActiveCfg = Debug|Any CPU
		{22bbbf78-ec3b-560b-dd69-7cfd2340ff2a}.Debug|Any CPU.Build.0 = Debug|Any CPU
		{889047ea-3dd0-0472-c4db-4030722de89f}.Debug|Any CPU.ActiveCfg = Debug|Any CPU
		{889047ea-3dd0-0472-c4db-4030722de89f}.Debug|Any CPU.Build.0 = Debug|Any CPU
		{85728c65-36db-ccbb-7c37-a6b3c360d9b3}.Debug|Any CPU.ActiveCfg = Debug|Any CPU
		{85728c65-36db-ccbb-7c37-a6b3c360d9b3}.Debug|Any CPU.Build.0 = Debug|Any CPU
		{c70f9532-86c4-cb5d-2cfd-046a8bed159a}.Debug|Any CPU.ActiveCfg = Debug|Any CPU
		{c70f9532-86c4-cb5d-2cfd-046a8bed159a}.Debug|Any CPU.Build.0 = Debug|Any CPU
		{44b39908-df65-ccb6-e4bd-5cd0b83bf0e0}.Debug|Any CPU.ActiveCfg = Debug|Any CPU
		{44b39908-df65-ccb6-e4bd-5cd0b83bf0e0}.Debug|Any CPU.Build.0 = Debug|Any CPU
		{b83f967b-d1a7-4467-3b3d-e5f2c955e541}.Debug|Any CPU.ActiveCfg = Debug|Any CPU
		{b83f967b-d1a7-4467-3b3d-e5f2c955e541}.Debug|Any CPU.Build.0 = Debug|Any CPU
		{a83bb903-3fb5-8e8e-01e7-c90f0a52d954}.Debug|Any CPU.ActiveCfg = Debug|Any CPU
		{a83bb903-3fb5-8e8e-01e7-c90f0a52d954}.Debug|Any CPU.Build.0 = Debug|Any CPU
		{241b2a2e-f683-80a9-34ed-1988c9825bcb}.Debug|Any CPU.ActiveCfg = Debug|Any CPU
		{241b2a2e-f683-80a9-34ed-1988c9825bcb}.Debug|Any CPU.Build.0 = Debug|Any CPU
		{36b9f30d-3812-1d5c-2dbe-59591074a36c}.Debug|Any CPU.ActiveCfg = Debug|Any CPU
		{36b9f30d-3812-1d5c-2dbe-59591074a36c}.Debug|Any CPU.Build.0 = Debug|Any CPU
		{e5393567-fbca-926e-82b7-2cf30038ad0f}.Debug|Any CPU.ActiveCfg = Debug|Any CPU
		{e5393567-fbca-926e-82b7-2cf30038ad0f}.Debug|Any CPU.Build.0 = Debug|Any CPU
		{bee5830b-6a86-444f-730f-aec11fdd92e1}.Debug|Any CPU.ActiveCfg = Debug|Any CPU
		{bee5830b-6a86-444f-730f-aec11fdd92e1}.Debug|Any CPU.Build.0 = Debug|Any CPU
		{d9320f90-a12a-1fcf-7ada-080f62b7c299}.Debug|Any CPU.ActiveCfg = Debug|Any CPU
		{d9320f90-a12a-1fcf-7ada-080f62b7c299}.Debug|Any CPU.Build.0 = Debug|Any CPU
		{6c7a7c70-fc29-e2b3-7614-f8fcb339b5f6}.Debug|Any CPU.ActiveCfg = Debug|Any CPU
		{6c7a7c70-fc29-e2b3-7614-f8fcb339b5f6}.Debug|Any CPU.Build.0 = Debug|Any CPU
		{c9ee5536-d998-ab49-1214-3324c283e772}.Debug|Any CPU.ActiveCfg = Debug|Any CPU
		{c9ee5536-d998-ab49-1214-3324c283e772}.Debug|Any CPU.Build.0 = Debug|Any CPU
		{ee5a914a-fcb9-2bc9-fdf4-5f22e1bef93e}.Debug|Any CPU.ActiveCfg = Debug|Any CPU
		{ee5a914a-fcb9-2bc9-fdf4-5f22e1bef93e}.Debug|Any CPU.Build.0 = Debug|Any CPU
		{5b7f3392-7881-50fc-ab74-8bd983890d54}.Debug|Any CPU.ActiveCfg = Debug|Any CPU
		{5b7f3392-7881-50fc-ab74-8bd983890d54}.Debug|Any CPU.Build.0 = Debug|Any CPU
		{2965cf87-330c-bfa8-9ee1-b92a70cf780b}.Debug|Any CPU.ActiveCfg = Debug|Any CPU
		{2965cf87-330c-bfa8-9ee1-b92a70cf780b}.Debug|Any CPU.Build.0 = Debug|Any CPU
		{4bd3c28b-a85e-50de-b6fc-95a9798df384}.Debug|Any CPU.ActiveCfg = Debug|Any CPU
		{4bd3c28b-a85e-50de-b6fc-95a9798df384}.Debug|Any CPU.Build.0 = Debug|Any CPU
		{697ce839-2875-2b22-68a0-c13f7b6b92d1}.Debug|Any CPU.ActiveCfg = Debug|Any CPU
		{697ce839-2875-2b22-68a0-c13f7b6b92d1}.Debug|Any CPU.Build.0 = Debug|Any CPU
		{084e0a14-05ef-3b50-f2ad-cb1cb0936aba}.Debug|Any CPU.ActiveCfg = Debug|Any CPU
		{084e0a14-05ef-3b50-f2ad-cb1cb0936aba}.Debug|Any CPU.Build.0 = Debug|Any CPU
		{78b7ac42-7921-1f25-b393-5bf5d89a2402}.Debug|Any CPU.ActiveCfg = Debug|Any CPU
		{78b7ac42-7921-1f25-b393-5bf5d89a2402}.Debug|Any CPU.Build.0 = Debug|Any CPU
		{03ce5854-5eb4-0710-b5ab-d844f769a7bd}.Debug|Any CPU.ActiveCfg = Debug|Any CPU
		{03ce5854-5eb4-0710-b5ab-d844f769a7bd}.Debug|Any CPU.Build.0 = Debug|Any CPU
		{4cd96d1a-8b6c-abc5-c3f1-8996698deedd}.Debug|Any CPU.ActiveCfg = Debug|Any CPU
		{4cd96d1a-8b6c-abc5-c3f1-8996698deedd}.Debug|Any CPU.Build.0 = Debug|Any CPU
		{9cca3d9e-c5d0-1a1c-59ef-f3e6eab42fc4}.Debug|Any CPU.ActiveCfg = Debug|Any CPU
		{9cca3d9e-c5d0-1a1c-59ef-f3e6eab42fc4}.Debug|Any CPU.Build.0 = Debug|Any CPU
		{53b03d9a-94f3-1566-683e-da4c5e810abc}.Debug|Any CPU.ActiveCfg = Debug|Any CPU
		{53b03d9a-94f3-1566-683e-da4c5e810abc}.Debug|Any CPU.Build.0 = Debug|Any CPU
		{226c26c3-c80a-f576-bc56-82aedf67c4f4}.Debug|Any CPU.ActiveCfg = Debug|Any CPU
		{226c26c3-c80a-f576-bc56-82aedf67c4f4}.Debug|Any CPU.Build.0 = Debug|Any CPU
		{51e640b8-6c78-979a-1142-01bc264ed5d8}.Debug|Any CPU.ActiveCfg = Debug|Any CPU
		{51e640b8-6c78-979a-1142-01bc264ed5d8}.Debug|Any CPU.Build.0 = Debug|Any CPU
		{ab93ce31-84e6-285d-1b05-d99c867da8b9}.Debug|Any CPU.ActiveCfg = Debug|Any CPU
		{ab93ce31-84e6-285d-1b05-d99c867da8b9}.Debug|Any CPU.Build.0 = Debug|Any CPU
		{fc4fcedb-7deb-dd4f-7cc7-8de164d4f715}.Debug|Any CPU.ActiveCfg = Debug|Any CPU
		{fc4fcedb-7deb-dd4f-7cc7-8de164d4f715}.Debug|Any CPU.Build.0 = Debug|Any CPU
		{12bb8fe7-c49e-bf3c-9a91-a4772221408a}.Debug|Any CPU.ActiveCfg = Debug|Any CPU
		{12bb8fe7-c49e-bf3c-9a91-a4772221408a}.Debug|Any CPU.Build.0 = Debug|Any CPU
		{0f05d5ec-88f6-49ad-cc8e-c7c0a94e057d}.Debug|Any CPU.ActiveCfg = Debug|Any CPU
		{0f05d5ec-88f6-49ad-cc8e-c7c0a94e057d}.Debug|Any CPU.Build.0 = Debug|Any CPU
		{f567d13f-0eb9-1551-9d3e-8aad2bbf4cd5}.Debug|Any CPU.ActiveCfg = Debug|Any CPU
		{f567d13f-0eb9-1551-9d3e-8aad2bbf4cd5}.Debug|Any CPU.Build.0 = Debug|Any CPU
		{323bddb0-067c-c7a7-806c-06e5d5b3da4a}.Debug|Any CPU.ActiveCfg = Debug|Any CPU
		{323bddb0-067c-c7a7-806c-06e5d5b3da4a}.Debug|Any CPU.Build.0 = Debug|Any CPU
		{323b4896-6ea8-0ded-da28-fa66a8a48a46}.Debug|Any CPU.ActiveCfg = Debug|Any CPU
		{323b4896-6ea8-0ded-da28-fa66a8a48a46}.Debug|Any CPU.Build.0 = Debug|Any CPU
		{b3bf1393-aaba-0e60-e505-38d336f721e7}.Debug|Any CPU.ActiveCfg = Debug|Any CPU
		{b3bf1393-aaba-0e60-e505-38d336f721e7}.Debug|Any CPU.Build.0 = Debug|Any CPU
		{1dc45bb3-6e81-21d4-6568-39bf33bfa05f}.Debug|Any CPU.ActiveCfg = Debug|Any CPU
		{1dc45bb3-6e81-21d4-6568-39bf33bfa05f}.Debug|Any CPU.Build.0 = Debug|Any CPU
		{3413bbea-56fa-5199-1b07-23e758c96af1}.Debug|Any CPU.ActiveCfg = Debug|Any CPU
		{3413bbea-56fa-5199-1b07-23e758c96af1}.Debug|Any CPU.Build.0 = Debug|Any CPU
		{2e037d73-8e5e-7da6-5539-7eea2fdb9350}.Debug|Any CPU.ActiveCfg = Debug|Any CPU
		{2e037d73-8e5e-7da6-5539-7eea2fdb9350}.Debug|Any CPU.Build.0 = Debug|Any CPU
		{394246fd-01d2-372d-f869-ad66d1e0a549}.Debug|Any CPU.ActiveCfg = Debug|Any CPU
		{394246fd-01d2-372d-f869-ad66d1e0a549}.Debug|Any CPU.Build.0 = Debug|Any CPU
		{7c64b1a9-c417-fa8e-eb69-0fa126097c0c}.Debug|Any CPU.ActiveCfg = Debug|Any CPU
		{7c64b1a9-c417-fa8e-eb69-0fa126097c0c}.Debug|Any CPU.Build.0 = Debug|Any CPU
		{37a1f799-214f-f8bd-c168-95d8a15df084}.Debug|Any CPU.ActiveCfg = Debug|Any CPU
		{37a1f799-214f-f8bd-c168-95d8a15df084}.Debug|Any CPU.Build.0 = Debug|Any CPU
		{458c979f-a0ac-f3ab-d424-e7036f00943a}.Debug|Any CPU.ActiveCfg = Debug|Any CPU
		{458c979f-a0ac-f3ab-d424-e7036f00943a}.Debug|Any CPU.Build.0 = Debug|Any CPU
	EndGlobalSection
	GlobalSection(SolutionProperties) = preSolution
		HideSolutionNode = FALSE
	EndGlobalSection
EndGlobal
